
Microsoft Visual Studio Solution File, Format Version 12.00
# Visual Studio Version 17
VisualStudioVersion = 17.13.35931.197
MinimumVisualStudioVersion = 10.0.40219.1
Project("{2150E333-8FDC-42A3-9474-1A3956D46DE8}") = "Solution Items", "Solution Items", "{8EC462FD-D22E-90A8-E5CE-7E832BA40C5D}"
	ProjectSection(SolutionItems) = preProject
		..\..\..\..\dnnpack.config = ..\..\..\..\dnnpack.config
	EndProjectSection
EndProject
Project("{FAE04EC0-301F-11D3-BF4B-00C04F79EFBC}") = "RocketDirectoryMVC", "..\RocketDirectoryMVC\RocketDirectoryMVC.csproj", "{91F76090-A443-4270-9117-388CE8C3FB27}"
EndProject
Project("{FAE04EC0-301F-11D3-BF4B-00C04F79EFBC}") = "RocketEventsMVC", "RocketEventsMVC.csproj", "{5D8AC718-26DF-48EC-B5EA-87C3BC58AEBD}"
EndProject
Project("{FAE04EC0-301F-11D3-BF4B-00C04F79EFBC}") = "DNNrocketAPI", "..\..\..\..\DNNrocket\API\DNNrocketAPI.csproj", "{2200F6C3-7D4B-4CDF-908F-DCA37ADFB121}"
EndProject
Project("{FAE04EC0-301F-11D3-BF4B-00C04F79EFBC}") = "Simplisity", "..\..\..\..\DNNrocket\Simplisity\Simplisity.csproj", "{E3163753-E2ED-28FD-FF66-8B663DC8BE5E}"
EndProject
Project("{FAE04EC0-301F-11D3-BF4B-00C04F79EFBC}") = "RocketDirectoryAPI", "..\..\..\..\DNNRocketModules\RocketDirectoryAPI\RocketDirectoryAPI.csproj", "{E64113C5-2029-AAFF-2F38-8D33C083B659}"
EndProject
Global
	GlobalSection(SolutionConfigurationPlatforms) = preSolution
		Debug|Any CPU = Debug|Any CPU
		Release|Any CPU = Release|Any CPU
	EndGlobalSection
	GlobalSection(ProjectConfigurationPlatforms) = postSolution
		{91F76090-A443-4270-9117-388CE8C3FB27}.Debug|Any CPU.ActiveCfg = Debug|Any CPU
		{91F76090-A443-4270-9117-388CE8C3FB27}.Release|Any CPU.ActiveCfg = Release|Any CPU
		{91F76090-A443-4270-9117-388CE8C3FB27}.Release|Any CPU.Build.0 = Release|Any CPU
		{5D8AC718-26DF-48EC-B5EA-87C3BC58AEBD}.Debug|Any CPU.ActiveCfg = Debug|Any CPU
		{5D8AC718-26DF-48EC-B5EA-87C3BC58AEBD}.Release|Any CPU.ActiveCfg = Release|Any CPU
		{5D8AC718-26DF-48EC-B5EA-87C3BC58AEBD}.Release|Any CPU.Build.0 = Release|Any CPU
		{2200F6C3-7D4B-4CDF-908F-DCA37ADFB121}.Debug|Any CPU.ActiveCfg = Debug|Any CPU
		{2200F6C3-7D4B-4CDF-908F-DCA37ADFB121}.Release|Any CPU.ActiveCfg = Release|Any CPU
		{2200F6C3-7D4B-4CDF-908F-DCA37ADFB121}.Release|Any CPU.Build.0 = Release|Any CPU
		{E3163753-E2ED-28FD-FF66-8B663DC8BE5E}.Debug|Any CPU.ActiveCfg = Debug|Any CPU
		{E3163753-E2ED-28FD-FF66-8B663DC8BE5E}.Release|Any CPU.ActiveCfg = Release|Any CPU
		{E3163753-E2ED-28FD-FF66-8B663DC8BE5E}.Release|Any CPU.Build.0 = Release|Any CPU
		{E64113C5-2029-AAFF-2F38-8D33C083B659}.Debug|Any CPU.ActiveCfg = Debug|Any CPU
		{E64113C5-2029-AAFF-2F38-8D33C083B659}.Release|Any CPU.ActiveCfg = Release|Any CPU
		{E64113C5-2029-AAFF-2F38-8D33C083B659}.Release|Any CPU.Build.0 = Release|Any CPU
	EndGlobalSection
	GlobalSection(SolutionProperties) = preSolution
		HideSolutionNode = FALSE
	EndGlobalSection
	GlobalSection(ExtensibilityGlobals) = postSolution
		SolutionGuid = {836F9207-5501-482C-ABF1-6E3020288FE8}
	EndGlobalSection
EndGlobal
